{
  "requires": true,
  "lockfileVersion": 1,
  "dependencies": {
    "angular": {
      "version": "1.6.9",
      "resolved": "https://registry.npmjs.org/angular/-/angular-1.6.9.tgz",
      "integrity": "sha512-6igWH2GIsxV+J38wNWCh8oyjaZsrIPIDO35twloIUyjlF2Yit6UyLAWujHP05ma/LFxTsx4NtYibRoMNBXPR1A=="
    },
    "angular-animate": {
      "version": "1.6.9",
      "resolved": "https://registry.npmjs.org/angular-animate/-/angular-animate-1.6.9.tgz",
      "integrity": "sha512-3/fqrmT6mJgB2O6oDvXDlNP6AJVqUXLWZq/P87Xo7Wt0JjcSmhJSQ02Yp7gm0Pkd5SXMKHICLpn/iEJPyse9fg=="
    },
    "angular-aria": {
      "version": "1.6.9",
      "resolved": "https://registry.npmjs.org/angular-aria/-/angular-aria-1.6.9.tgz",
      "integrity": "sha512-I2SR17Ux0o0R9KD3DRzjR5NNX3pUSKvtWYLFCLg22qvR5+736olCQSyptNIvKsvjALwfXBw1Irdlq0jyohDn+Q=="
    },
    "angular-intro.js": {
      "version": "3.4.0",
      "resolved": "https://registry.npmjs.org/angular-intro.js/-/angular-intro.js-3.4.0.tgz",
      "integrity": "sha512-N0pcumLcKdQ2oXhosdZXf3IpPUMJrq12Ez0REr/lBbS2qhmaE+L+HHZs48N0Y2MbLim2jyec3HIBr3kcQ7blfw==",
      "requires": {
        "angular": "^1.4.0",
        "intro.js": "~2.5.0"
      }
    },
    "angular-jk-carousel": {
      "version": "0.5.0",
      "resolved": "https://registry.npmjs.org/angular-jk-carousel/-/angular-jk-carousel-0.5.0.tgz",
      "integrity": "sha1-T2YqTwJ4DQ+02Tdz8KZEwsN8W50="
    },
    "angular-material": {
      "version": "1.1.6",
      "resolved": "https://registry.npmjs.org/angular-material/-/angular-material-1.1.6.tgz",
      "integrity": "sha512-yXGccln2x2E9z9XSRED3I5k+n+MWLWCda7T4zPQvq6F1UF5zAncJMDT1sKfhUVN5/mN7R0kTThF1oXXXvOOfVg=="
    },
    "angular-messages": {
      "version": "1.6.9",
      "resolved": "https://registry.npmjs.org/angular-messages/-/angular-messages-1.6.9.tgz",
      "integrity": "sha512-/2xvG6vDC+Us8h0baSa1siDKwPj5R2A7LldxxhK2339HInc09bq9shMVCUy9zqnuvwnDUJ/DSgkSaBoSHSZrqg=="
    },
    "angular-slick-carousel": {
      "version": "3.1.7",
      "resolved": "https://registry.npmjs.org/angular-slick-carousel/-/angular-slick-carousel-3.1.7.tgz",
      "integrity": "sha1-mJT8I7N7kIM3WHMbpIj2DNTMiQo="
    },
    "angular-ui-carousel": {
      "version": "0.1.10",
      "resolved": "https://registry.npmjs.org/angular-ui-carousel/-/angular-ui-carousel-0.1.10.tgz",
      "integrity": "sha1-ClsQZgGLQOcAuMbuNLDJf8MhlSs="
    },
    "bootstrap": {
      "version": "4.2.1",
      "resolved": "https://registry.npmjs.org/bootstrap/-/bootstrap-4.2.1.tgz",
      "integrity": "sha512-tt/7vIv3Gm2mnd/WeDx36nfGGHleil0Wg8IeB7eMrVkY0fZ5iTaBisSh8oNANc2IBsCc6vCgCNTIM/IEN0+50Q=="
    },
    "chart.js": {
      "version": "2.7.2",
      "resolved": "https://registry.npmjs.org/chart.js/-/chart.js-2.7.2.tgz",
      "integrity": "sha512-90wl3V9xRZ8tnMvMlpcW+0Yg13BelsGS9P9t0ClaDxv/hdypHDr/YAGf+728m11P5ljwyB0ZHfPKCapZFqSqYA==",
      "requires": {
        "chartjs-color": "^2.1.0",
        "moment": "^2.10.2"
      }
    },
    "chartjs-color": {
      "version": "2.2.0",
      "resolved": "https://registry.npmjs.org/chartjs-color/-/chartjs-color-2.2.0.tgz",
      "integrity": "sha1-hKL7dVeH7YXDndbdjHsdiEKbrq4=",
      "requires": {
        "chartjs-color-string": "^0.5.0",
        "color-convert": "^0.5.3"
      }
    },
    "chartjs-color-string": {
      "version": "0.5.0",
      "resolved": "https://registry.npmjs.org/chartjs-color-string/-/chartjs-color-string-0.5.0.tgz",
      "integrity": "sha512-amWNvCOXlOUYxZVDSa0YOab5K/lmEhbFNKI55PWc4mlv28BDzA7zaoQTGxSBgJMHIW+hGX8YUrvw/FH4LyhwSQ==",
      "requires": {
        "color-name": "^1.0.0"
      }
    },
    "color-convert": {
      "version": "0.5.3",
      "resolved": "https://registry.npmjs.org/color-convert/-/color-convert-0.5.3.tgz",
      "integrity": "sha1-vbbGnOZg+t/+CwAHzER+G59ygr0="
    },
    "color-name": {
      "version": "1.1.4",
      "resolved": "https://registry.npmjs.org/color-name/-/color-name-1.1.4.tgz",
      "integrity": "sha512-dOy+3AuW3a2wNbZHIuMZpTcgjGuLU/uBL/ubcZF9OXbDo8ff4O8yVp5Bf0efS8uEoYo5q4Fx7dY9OgQGXgAsQA=="
    },
    "intl-tel-input": {
      "version": "13.0.2",
      "resolved": "https://registry.npmjs.org/intl-tel-input/-/intl-tel-input-13.0.2.tgz",
      "integrity": "sha512-XuW3VBBmQy9wcUB57qrswT++bUfHqG84sitQhNXWATEsEc0M7Gq4/Id41/i3QlGFoXu5p/23J8SUSsot37lhfA=="
    },
    "intro.js": {
      "version": "2.5.0",
      "resolved": "https://registry.npmjs.org/intro.js/-/intro.js-2.5.0.tgz",
      "integrity": "sha1-jW1I55t9P2SUkoiL4wyFKKMaouc="
    },
    "jquery": {
      "version": "3.3.1",
      "resolved": "https://registry.npmjs.org/jquery/-/jquery-3.3.1.tgz",
      "integrity": "sha512-Ubldcmxp5np52/ENotGxlLe6aGMvmF4R8S6tZjsP6Knsaxd/xp3Zrh50cG93lR6nPXyUFwzN3ZSOQI0wRJNdGg=="
    },
    "moment": {
      "version": "2.22.2",
      "resolved": "https://registry.npmjs.org/moment/-/moment-2.22.2.tgz",
      "integrity": "sha1-PCV/mDn8DpP/UxSWMiOeuQeD/2Y="
    },
    "owl.carousel": {
      "version": "2.3.4",
      "resolved": "https://registry.npmjs.org/owl.carousel/-/owl.carousel-2.3.4.tgz",
      "integrity": "sha512-JaDss9+feAvEW8KZppPSpllfposEzQiW+Ytt/Xm5t/3CTJ7YVmkh6RkWixoA2yXk2boIwedYxOvrrppIGzru9A==",
      "requires": {
        "jquery": ">=1.8.3"
      }
    },
    "rxjs": {
      "version": "6.3.2",
      "resolved": "https://registry.npmjs.org/rxjs/-/rxjs-6.3.2.tgz",
      "integrity": "sha512-hV7criqbR0pe7EeL3O66UYVg92IR0XsA97+9y+BWTePK9SKmEI5Qd3Zj6uPnGkNzXsBywBQWTvujPl+1Kn9Zjw==",
      "requires": {
        "tslib": "^1.9.0"
      }
    },
    "tslib": {
      "version": "1.9.3",
      "resolved": "https://registry.npmjs.org/tslib/-/tslib-1.9.3.tgz",
      "integrity": "sha512-4krF8scpejhaOgqzBEcGM7yDIEfi0/8+8zDRZhNZZ2kjmHJ4hv3zCbQWxoJGz1iw5U0Jl0nma13xzHXcncMavQ=="
    }
  }
}
