{
  "requires": true,
  "lockfileVersion": 1,
  "dependencies": {
    "angular": {
      "version": "1.6.9",
      "resolved": "https://registry.npmjs.org/angular/-/angular-1.6.9.tgz",
      "integrity": "sha512-6igWH2GIsxV+J38wNWCh8oyjaZsrIPIDO35twloIUyjlF2Yit6UyLAWujHP05ma/LFxTsx4NtYibRoMNBXPR1A=="
    },
    "angular-animate": {
      "version": "1.6.9",
      "resolved": "https://registry.npmjs.org/angular-animate/-/angular-animate-1.6.9.tgz",
      "integrity": "sha512-3/fqrmT6mJgB2O6oDvXDlNP6AJVqUXLWZq/P87Xo7Wt0JjcSmhJSQ02Yp7gm0Pkd5SXMKHICLpn/iEJPyse9fg=="
    },
    "angular-aria": {
      "version": "1.6.9",
      "resolved": "https://registry.npmjs.org/angular-aria/-/angular-aria-1.6.9.tgz",
      "integrity": "sha512-I2SR17Ux0o0R9KD3DRzjR5NNX3pUSKvtWYLFCLg22qvR5+736olCQSyptNIvKsvjALwfXBw1Irdlq0jyohDn+Q=="
    },
    "angular-jk-carousel": {
      "version": "0.5.0",
      "resolved": "https://registry.npmjs.org/angular-jk-carousel/-/angular-jk-carousel-0.5.0.tgz",
      "integrity": "sha1-T2YqTwJ4DQ+02Tdz8KZEwsN8W50="
    },
    "angular-material": {
      "version": "1.1.6",
      "resolved": "https://registry.npmjs.org/angular-material/-/angular-material-1.1.6.tgz",
      "integrity": "sha512-yXGccln2x2E9z9XSRED3I5k+n+MWLWCda7T4zPQvq6F1UF5zAncJMDT1sKfhUVN5/mN7R0kTThF1oXXXvOOfVg=="
    },
    "angular-messages": {
      "version": "1.6.9",
      "resolved": "https://registry.npmjs.org/angular-messages/-/angular-messages-1.6.9.tgz",
      "integrity": "sha512-/2xvG6vDC+Us8h0baSa1siDKwPj5R2A7LldxxhK2339HInc09bq9shMVCUy9zqnuvwnDUJ/DSgkSaBoSHSZrqg=="
    },
    "angular-ui-carousel": {
      "version": "0.1.10",
      "resolved": "https://registry.npmjs.org/angular-ui-carousel/-/angular-ui-carousel-0.1.10.tgz",
      "integrity": "sha1-ClsQZgGLQOcAuMbuNLDJf8MhlSs="
    },
    "intl-tel-input": {
      "version": "13.0.2",
      "resolved": "https://registry.npmjs.org/intl-tel-input/-/intl-tel-input-13.0.2.tgz",
      "integrity": "sha512-XuW3VBBmQy9wcUB57qrswT++bUfHqG84sitQhNXWATEsEc0M7Gq4/Id41/i3QlGFoXu5p/23J8SUSsot37lhfA=="
    },
    "jquery": {
      "version": "3.3.1",
      "resolved": "https://registry.npmjs.org/jquery/-/jquery-3.3.1.tgz",
      "integrity": "sha512-Ubldcmxp5np52/ENotGxlLe6aGMvmF4R8S6tZjsP6Knsaxd/xp3Zrh50cG93lR6nPXyUFwzN3ZSOQI0wRJNdGg=="
    },
    "rxjs": {
      "version": "6.3.2",
      "resolved": "https://registry.npmjs.org/rxjs/-/rxjs-6.3.2.tgz",
      "integrity": "sha512-hV7criqbR0pe7EeL3O66UYVg92IR0XsA97+9y+BWTePK9SKmEI5Qd3Zj6uPnGkNzXsBywBQWTvujPl+1Kn9Zjw==",
      "requires": {
        "tslib": "^1.9.0"
      }
    },
    "tslib": {
      "version": "1.9.3",
      "resolved": "https://registry.npmjs.org/tslib/-/tslib-1.9.3.tgz",
      "integrity": "sha512-4krF8scpejhaOgqzBEcGM7yDIEfi0/8+8zDRZhNZZ2kjmHJ4hv3zCbQWxoJGz1iw5U0Jl0nma13xzHXcncMavQ=="
    }
  }
}
